
Microsoft Visual Studio Solution File, Format Version 12.00
# Visual Studio Version 16
VisualStudioVersion = 16.0.30611.23
MinimumVisualStudioVersion = 10.0.40219.1
Project("{2150E333-8FDC-42A3-9474-1A3956D46DE8}") = "src", "src", "{CE6B9F23-2FD8-40C6-90B5-B2DF7F00FF7E}"
EndProject
Project("{2150E333-8FDC-42A3-9474-1A3956D46DE8}") = "tests", "tests", "{283533F2-6F10-4EA2-8C45-5AF5AF747E38}"
EndProject
Project("{9A19103F-16F7-4668-BE54-9A1E7A4F7556}") = "SmartDataInitiative.Data", "src\SmartDataInitiative.Data\SmartDataInitiative.Data.csproj", "{A7031511-10EF-4651-B918-34F6C7BC4B6A}"
EndProject
Project("{9A19103F-16F7-4668-BE54-9A1E7A4F7556}") = "SmartDataInitiative.Business", "src\SmartDataInitiative.Business\SmartDataInitiative.Business.csproj", "{EE229901-57BD-47F8-9CF3-9DF444DB9EAF}"
EndProject
Project("{FAE04EC0-301F-11D3-BF4B-00C04F79EFBC}") = "SmartDataInitiative.Api", "src\SmartDataInitiative.Api\SmartDataInitiative.Api.csproj", "{9818D6C2-574B-48B8-9DFB-EF78CE0F2C14}"
EndProject
Global
	GlobalSection(SolutionConfigurationPlatforms) = preSolution
		Debug|Any CPU = Debug|Any CPU
		Release|Any CPU = Release|Any CPU
	EndGlobalSection
	GlobalSection(ProjectConfigurationPlatforms) = postSolution
		{A7031511-10EF-4651-B918-34F6C7BC4B6A}.Debug|Any CPU.ActiveCfg = Debug|Any CPU
		{A7031511-10EF-4651-B918-34F6C7BC4B6A}.Debug|Any CPU.Build.0 = Debug|Any CPU
		{A7031511-10EF-4651-B918-34F6C7BC4B6A}.Release|Any CPU.ActiveCfg = Release|Any CPU
		{A7031511-10EF-4651-B918-34F6C7BC4B6A}.Release|Any CPU.Build.0 = Release|Any CPU
		{EE229901-57BD-47F8-9CF3-9DF444DB9EAF}.Debug|Any CPU.ActiveCfg = Debug|Any CPU
		{EE229901-57BD-47F8-9CF3-9DF444DB9EAF}.Debug|Any CPU.Build.0 = Debug|Any CPU
		{EE229901-57BD-47F8-9CF3-9DF444DB9EAF}.Release|Any CPU.ActiveCfg = Release|Any CPU
		{EE229901-57BD-47F8-9CF3-9DF444DB9EAF}.Release|Any CPU.Build.0 = Release|Any CPU
		{9818D6C2-574B-48B8-9DFB-EF78CE0F2C14}.Debug|Any CPU.ActiveCfg = Debug|Any CPU
		{9818D6C2-574B-48B8-9DFB-EF78CE0F2C14}.Debug|Any CPU.Build.0 = Debug|Any CPU
		{9818D6C2-574B-48B8-9DFB-EF78CE0F2C14}.Release|Any CPU.ActiveCfg = Release|Any CPU
		{9818D6C2-574B-48B8-9DFB-EF78CE0F2C14}.Release|Any CPU.Build.0 = Release|Any CPU
	EndGlobalSection
	GlobalSection(SolutionProperties) = preSolution
		HideSolutionNode = FALSE
	EndGlobalSection
	GlobalSection(NestedProjects) = preSolution
		{A7031511-10EF-4651-B918-34F6C7BC4B6A} = {CE6B9F23-2FD8-40C6-90B5-B2DF7F00FF7E}
		{EE229901-57BD-47F8-9CF3-9DF444DB9EAF} = {CE6B9F23-2FD8-40C6-90B5-B2DF7F00FF7E}
		{9818D6C2-574B-48B8-9DFB-EF78CE0F2C14} = {CE6B9F23-2FD8-40C6-90B5-B2DF7F00FF7E}
	EndGlobalSection
	GlobalSection(ExtensibilityGlobals) = postSolution
		SolutionGuid = {1DE3FDBF-1A18-4BF6-BFC8-3DDB6F3066AA}
	EndGlobalSection
EndGlobal
